
Microsoft Visual Studio Solution File, Format Version 12.00
# Visual Studio Version 17
VisualStudioVersion = 17.4.33213.308
MinimumVisualStudioVersion = 10.0.40219.1
Project("{9A19103F-16F7-4668-BE54-9A1E7A4F7556}") = "xUnit-FluentAssertionsExample", "xUnit-FluidAssertionExample\xUnit-FluentAssertionsExample.csproj", "{0E2E710B-4304-4033-893E-1A22B4876622}"
EndProject
Project("{9A19103F-16F7-4668-BE54-9A1E7A4F7556}") = "xUnit-FluentAssertionsExample.Tests", "xUnit-FluidAssertionExample.Tests\xUnit-FluentAssertionsExample.Tests.csproj", "{F3D8705B-9896-4A6D-A645-23188D8C15D2}"
EndProject
Global
	GlobalSection(SolutionConfigurationPlatforms) = preSolution
		Debug|Any CPU = Debug|Any CPU
		Release|Any CPU = Release|Any CPU
	EndGlobalSection
	GlobalSection(ProjectConfigurationPlatforms) = postSolution
		{0E2E710B-4304-4033-893E-1A22B4876622}.Debug|Any CPU.ActiveCfg = Debug|Any CPU
		{0E2E710B-4304-4033-893E-1A22B4876622}.Debug|Any CPU.Build.0 = Debug|Any CPU
		{0E2E710B-4304-4033-893E-1A22B4876622}.Release|Any CPU.ActiveCfg = Release|Any CPU
		{0E2E710B-4304-4033-893E-1A22B4876622}.Release|Any CPU.Build.0 = Release|Any CPU
		{F3D8705B-9896-4A6D-A645-23188D8C15D2}.Debug|Any CPU.ActiveCfg = Debug|Any CPU
		{F3D8705B-9896-4A6D-A645-23188D8C15D2}.Debug|Any CPU.Build.0 = Debug|Any CPU
		{F3D8705B-9896-4A6D-A645-23188D8C15D2}.Release|Any CPU.ActiveCfg = Release|Any CPU
		{F3D8705B-9896-4A6D-A645-23188D8C15D2}.Release|Any CPU.Build.0 = Release|Any CPU
	EndGlobalSection
	GlobalSection(SolutionProperties) = preSolution
		HideSolutionNode = FALSE
	EndGlobalSection
	GlobalSection(ExtensibilityGlobals) = postSolution
		SolutionGuid = {739A946F-DDC2-4035-B89C-ECC50AFC93C4}
	EndGlobalSection
EndGlobal
